{
  "name": "demo",
  "version": "1.0.0",
  "lockfileVersion": 2,
  "requires": true,
  "packages": {
    "": {
      "name": "demo",
      "version": "1.0.0",
      "dependencies": {
        "sciter-analytics": "^0.2.1",
        "sciter-dialogs": "^1.3.2",
        "sciter-i18n": "^2.0.0",
        "sciter-logger": "^1.1.4",
        "sciter-pagecontrol": "^1.7.2",
        "sciter-utils": "^0.8.0"
      }
    },
    "node_modules/@babel/runtime": {
      "version": "7.16.7",
      "resolved": "https://registry.npmjs.org/@babel/runtime/-/runtime-7.16.7.tgz",
      "integrity": "sha512-9E9FJowqAsytyOY6LG+1KuueckRL+aQW+mKvXRXnuFGyRAyepJPmEo9vgMfXUA6O9u3IeEdv9MAkppFcaQwogQ==",
      "dependencies": {
        "regenerator-runtime": "^0.13.4"
      },
      "engines": {
        "node": ">=6.9.0"
      }
    },
    "node_modules/i18next": {
      "version": "21.6.7",
      "resolved": "https://registry.npmjs.org/i18next/-/i18next-21.6.7.tgz",
      "integrity": "sha512-26dTDa2gBz+vMk6WPf1pxTx3S5HIAptbyODmni/JsN6R1W2WNkGVFXBusUK7T6y1wLeJi5CIrqmQ2gl18vdh3A==",
      "dependencies": {
        "@babel/runtime": "^7.12.0"
      }
    },
    "node_modules/regenerator-runtime": {
      "version": "0.13.9",
      "resolved": "https://registry.npmjs.org/regenerator-runtime/-/regenerator-runtime-0.13.9.tgz",
      "integrity": "sha512-p3VT+cOEgxFsRRA9X4lkI1E+k2/CtnKtU4gcxyaCUreilL/vqI6CdZ3wxVUx3UOUg+gnUOQQcRI7BmSI656MYA=="
    },
    "node_modules/sciter-analytics": {
      "version": "0.2.1",
      "resolved": "https://registry.npmjs.org/sciter-analytics/-/sciter-analytics-0.2.1.tgz",
      "integrity": "sha512-iy1s4syucq6qSWdy7E5BErY0i+NWOULWqV6dCYw4pr2Jcnq3mNXE63S/WRi2Ch8UiCuUez0gm0REkgbTwX6hiA=="
    },
    "node_modules/sciter-dialogs": {
      "version": "1.3.2",
      "resolved": "https://registry.npmjs.org/sciter-dialogs/-/sciter-dialogs-1.3.2.tgz",
      "integrity": "sha512-Zw6zKsoBF/Mo7hdrgOBoFh2chLPsauixDKNPHFhjPTXlTq/ob172JVRiDvRIJwZbLaP3yjNmugqze9EAbFw5XQ==",
      "dependencies": {
        "sciter-fontawesome": "^1.0.6"
      }
    },
    "node_modules/sciter-fontawesome": {
      "version": "1.0.6",
      "resolved": "https://registry.npmjs.org/sciter-fontawesome/-/sciter-fontawesome-1.0.6.tgz",
      "integrity": "sha512-0+25hThgyyKeHM01dUZ9b/58osLNVArSBMSxnEs8nDl/zFqxvf1gXiZpLtkDR0ziJ9CF0cQYDUHuYwe7Muo//Q=="
    },
    "node_modules/sciter-i18n": {
      "version": "2.0.1",
      "resolved": "https://registry.npmjs.org/sciter-i18n/-/sciter-i18n-2.0.1.tgz",
      "integrity": "sha512-layRic84xezJlR/RUh0uv/vd5fjsS90nkTSLProC6w3XlnXxW/Vw97I8EKx3aFApp/A3iNTxqzprHe8mmXfUIg==",
      "dependencies": {
        "i18next": "^21.6.7"
      }
    },
    "node_modules/sciter-logger": {
      "version": "1.1.4",
      "resolved": "https://registry.npmjs.org/sciter-logger/-/sciter-logger-1.1.4.tgz",
      "integrity": "sha512-l8szL1Rb6f8rHM/fsBCxSNg5Ivrt09dUs0mfFum++dmjSuDlFVYD8Au0ejikqsP/p6xPkKrx5caeRJ75hs0wbg=="
    },
    "node_modules/sciter-pagecontrol": {
      "version": "1.7.2",
      "resolved": "https://registry.npmjs.org/sciter-pagecontrol/-/sciter-pagecontrol-1.7.2.tgz",
      "integrity": "sha512-sy+acePW7b/i54WfR50+ZlplFDJvtumUWUmXpF+BpnaSgdlm8gvVd2zfngNDdBZv0ABHkMBf6UCGOmmd0yF+/A=="
    },
    "node_modules/sciter-utils": {
      "version": "0.8.0",
      "resolved": "https://registry.npmjs.org/sciter-utils/-/sciter-utils-0.8.0.tgz",
      "integrity": "sha512-iR/YsJzbLpawVLkqnQ7AyUhCHHHW2C6P3wbFdDqXzM7LprYh/nWxfXKK9DhXtNoSKG0ik1jSlmMl5OGqc4lLBQ=="
    }
  },
  "dependencies": {
    "@babel/runtime": {
      "version": "7.16.7",
      "resolved": "https://registry.npmjs.org/@babel/runtime/-/runtime-7.16.7.tgz",
      "integrity": "sha512-9E9FJowqAsytyOY6LG+1KuueckRL+aQW+mKvXRXnuFGyRAyepJPmEo9vgMfXUA6O9u3IeEdv9MAkppFcaQwogQ==",
      "requires": {
        "regenerator-runtime": "^0.13.4"
      }
    },
    "i18next": {
      "version": "21.6.7",
      "resolved": "https://registry.npmjs.org/i18next/-/i18next-21.6.7.tgz",
      "integrity": "sha512-26dTDa2gBz+vMk6WPf1pxTx3S5HIAptbyODmni/JsN6R1W2WNkGVFXBusUK7T6y1wLeJi5CIrqmQ2gl18vdh3A==",
      "requires": {
        "@babel/runtime": "^7.12.0"
      }
    },
    "regenerator-runtime": {
      "version": "0.13.9",
      "resolved": "https://registry.npmjs.org/regenerator-runtime/-/regenerator-runtime-0.13.9.tgz",
      "integrity": "sha512-p3VT+cOEgxFsRRA9X4lkI1E+k2/CtnKtU4gcxyaCUreilL/vqI6CdZ3wxVUx3UOUg+gnUOQQcRI7BmSI656MYA=="
    },
    "sciter-analytics": {
      "version": "0.2.1",
      "resolved": "https://registry.npmjs.org/sciter-analytics/-/sciter-analytics-0.2.1.tgz",
      "integrity": "sha512-iy1s4syucq6qSWdy7E5BErY0i+NWOULWqV6dCYw4pr2Jcnq3mNXE63S/WRi2Ch8UiCuUez0gm0REkgbTwX6hiA=="
    },
    "sciter-dialogs": {
      "version": "1.3.2",
      "resolved": "https://registry.npmjs.org/sciter-dialogs/-/sciter-dialogs-1.3.2.tgz",
      "integrity": "sha512-Zw6zKsoBF/Mo7hdrgOBoFh2chLPsauixDKNPHFhjPTXlTq/ob172JVRiDvRIJwZbLaP3yjNmugqze9EAbFw5XQ==",
      "requires": {
        "sciter-fontawesome": "^1.0.6"
      }
    },
    "sciter-fontawesome": {
      "version": "1.0.6",
      "resolved": "https://registry.npmjs.org/sciter-fontawesome/-/sciter-fontawesome-1.0.6.tgz",
      "integrity": "sha512-0+25hThgyyKeHM01dUZ9b/58osLNVArSBMSxnEs8nDl/zFqxvf1gXiZpLtkDR0ziJ9CF0cQYDUHuYwe7Muo//Q=="
    },
    "sciter-i18n": {
      "version": "2.0.1",
      "resolved": "https://registry.npmjs.org/sciter-i18n/-/sciter-i18n-2.0.1.tgz",
      "integrity": "sha512-layRic84xezJlR/RUh0uv/vd5fjsS90nkTSLProC6w3XlnXxW/Vw97I8EKx3aFApp/A3iNTxqzprHe8mmXfUIg==",
      "requires": {
        "i18next": "^21.6.7"
      }
    },
    "sciter-logger": {
      "version": "1.1.4",
      "resolved": "https://registry.npmjs.org/sciter-logger/-/sciter-logger-1.1.4.tgz",
      "integrity": "sha512-l8szL1Rb6f8rHM/fsBCxSNg5Ivrt09dUs0mfFum++dmjSuDlFVYD8Au0ejikqsP/p6xPkKrx5caeRJ75hs0wbg=="
    },
    "sciter-pagecontrol": {
      "version": "1.7.2",
      "resolved": "https://registry.npmjs.org/sciter-pagecontrol/-/sciter-pagecontrol-1.7.2.tgz",
      "integrity": "sha512-sy+acePW7b/i54WfR50+ZlplFDJvtumUWUmXpF+BpnaSgdlm8gvVd2zfngNDdBZv0ABHkMBf6UCGOmmd0yF+/A=="
    },
    "sciter-utils": {
      "version": "0.8.0",
      "resolved": "https://registry.npmjs.org/sciter-utils/-/sciter-utils-0.8.0.tgz",
      "integrity": "sha512-iR/YsJzbLpawVLkqnQ7AyUhCHHHW2C6P3wbFdDqXzM7LprYh/nWxfXKK9DhXtNoSKG0ik1jSlmMl5OGqc4lLBQ=="
    }
  }
}
