{
  "name": "demo",
  "version": "1.0.9",
  "lockfileVersion": 3,
  "requires": true,
  "packages": {
    "": {
      "name": "demo",
      "version": "1.0.9",
      "dependencies": {
        "sciter-analytics": "^0.2.1",
        "sciter-dialogs": "^1.3.2",
        "sciter-i18n": "^2.0.0",
        "sciter-logger": "^1.1.4",
        "sciter-pagecontrol": "^1.7.2",
        "sciter-utils": "^1.0.0"
      }
    },
    "node_modules/@babel/runtime": {
      "version": "7.26.9",
      "resolved": "https://registry.npmjs.org/@babel/runtime/-/runtime-7.26.9.tgz",
      "integrity": "sha512-aA63XwOkcl4xxQa3HjPMqOP6LiK0ZDv3mUPYEFXkpHbaFjtGggE1A61FjFzJnB+p7/oy2gA8E+rcBNl/zC1tMg==",
      "license": "MIT",
      "dependencies": {
        "regenerator-runtime": "^0.14.0"
      },
      "engines": {
        "node": ">=6.9.0"
      }
    },
    "node_modules/i18next": {
      "version": "21.10.0",
      "resolved": "https://registry.npmjs.org/i18next/-/i18next-21.10.0.tgz",
      "integrity": "sha512-YeuIBmFsGjUfO3qBmMOc0rQaun4mIpGKET5WDwvu8lU7gvwpcariZLNtL0Fzj+zazcHUrlXHiptcFhBMFaxzfg==",
      "funding": [
        {
          "type": "individual",
          "url": "https://locize.com"
        },
        {
          "type": "individual",
          "url": "https://locize.com/i18next.html"
        },
        {
          "type": "individual",
          "url": "https://www.i18next.com/how-to/faq#i18next-is-awesome.-how-can-i-support-the-project"
        }
      ],
      "license": "MIT",
      "dependencies": {
        "@babel/runtime": "^7.17.2"
      }
    },
    "node_modules/regenerator-runtime": {
      "version": "0.14.1",
      "resolved": "https://registry.npmjs.org/regenerator-runtime/-/regenerator-runtime-0.14.1.tgz",
      "integrity": "sha512-dYnhHh0nJoMfnkZs6GmmhFknAGRrLznOu5nc9ML+EJxGvrx6H7teuevqVqCuPcPK//3eDrrjQhehXVx9cnkGdw==",
      "license": "MIT"
    },
    "node_modules/sciter-analytics": {
      "version": "0.2.1",
      "resolved": "https://registry.npmjs.org/sciter-analytics/-/sciter-analytics-0.2.1.tgz",
      "integrity": "sha512-iy1s4syucq6qSWdy7E5BErY0i+NWOULWqV6dCYw4pr2Jcnq3mNXE63S/WRi2Ch8UiCuUez0gm0REkgbTwX6hiA==",
      "license": "MIT"
    },
    "node_modules/sciter-dialogs": {
      "version": "1.3.3",
      "resolved": "https://registry.npmjs.org/sciter-dialogs/-/sciter-dialogs-1.3.3.tgz",
      "integrity": "sha512-BXy1K1V+Dlv6BoKBqrH+Ps61ruEeD/DshNENDrSEyqY/es/5TbCjqp1yeVGUq0MIQG8iRMkdweOHY3WYCYenSA==",
      "license": "MIT",
      "dependencies": {
        "sciter-fontawesome": "^1.0.6"
      }
    },
    "node_modules/sciter-fontawesome": {
      "version": "1.1.3",
      "resolved": "https://registry.npmjs.org/sciter-fontawesome/-/sciter-fontawesome-1.1.3.tgz",
      "integrity": "sha512-K+okESFeOZvacYD06Zdmnh/nAO3LTVz2UPLHPQiqfbqnjnXBfCPR0CJXn30EUFnGe+z3Uah5f5yDsRTU3MBl4A==",
      "license": "MIT"
    },
    "node_modules/sciter-i18n": {
      "version": "2.0.2",
      "resolved": "https://registry.npmjs.org/sciter-i18n/-/sciter-i18n-2.0.2.tgz",
      "integrity": "sha512-EgEPYcxX8naigTKcFChJ48stbnxYoBtFwIkCzdWDk3ouQBlLOpqSbHWuQYxiQxypaDfJsfk5tjWrDqmc3lBQUA==",
      "license": "MIT",
      "dependencies": {
        "i18next": "^21.6.7"
      }
    },
    "node_modules/sciter-logger": {
      "version": "1.1.8",
      "resolved": "https://registry.npmjs.org/sciter-logger/-/sciter-logger-1.1.8.tgz",
      "integrity": "sha512-ORt+MeH8yRnFZ9wtO6rqXBLOwWQvyPJ+QzjU/qE+849OhrdJkWfbpoWSVS4Bt8AYrdHlD7Bqq1h57imDGI/bQg==",
      "license": "MIT"
    },
    "node_modules/sciter-pagecontrol": {
      "version": "1.7.4",
      "resolved": "https://registry.npmjs.org/sciter-pagecontrol/-/sciter-pagecontrol-1.7.4.tgz",
      "integrity": "sha512-CAK3PvhWZcJ3/3tZHoaZlgUE3c4v15SQEK3xLH+mQCEYq5eKreI83DQxr7IknIBjkX3rzd/8tSB80ke9VdG1Og==",
      "license": "MIT"
    },
    "node_modules/sciter-utils": {
      "version": "1.1.0",
      "resolved": "https://registry.npmjs.org/sciter-utils/-/sciter-utils-1.1.0.tgz",
      "integrity": "sha512-KEQC39Xv770/442n85SdNHVPT4LrcUgNpLRIzhVt3touvCBskkmupKIYzrMMKBpGCWsyvDBrJXcw+tHMagZCcA==",
      "license": "MIT"
    }
  }
}
